
Microsoft Visual Studio Solution File, Format Version 12.00
# Visual Studio Version 16
VisualStudioVersion = 16.0.36602.28
MinimumVisualStudioVersion = 10.0.40219.1
Project("{FAE04EC0-301F-11D3-BF4B-00C04F79EFBC}") = "Capa_Vista", "Capa_Vista\Capa_Vista.csproj", "{77774D66-E532-467C-9C83-53F028D9A8B4}"
EndProject
Global
	GlobalSection(SolutionConfigurationPlatforms) = preSolution
		Debug|Any CPU = Debug|Any CPU
		Release|Any CPU = Release|Any CPU
	EndGlobalSection
	GlobalSection(ProjectConfigurationPlatforms) = postSolution
		{77774D66-E532-467C-9C83-53F028D9A8B4}.Debug|Any CPU.ActiveCfg = Debug|Any CPU
		{77774D66-E532-467C-9C83-53F028D9A8B4}.Debug|Any CPU.Build.0 = Debug|Any CPU
		{77774D66-E532-467C-9C83-53F028D9A8B4}.Release|Any CPU.ActiveCfg = Release|Any CPU
		{77774D66-E532-467C-9C83-53F028D9A8B4}.Release|Any CPU.Build.0 = Release|Any CPU
	EndGlobalSection
	GlobalSection(SolutionProperties) = preSolution
		HideSolutionNode = FALSE
	EndGlobalSection
	GlobalSection(ExtensibilityGlobals) = postSolution
		SolutionGuid = {4666F680-60D0-4BF7-892F-D7D2D4F76168}
	EndGlobalSection
EndGlobal
